
Microsoft Visual Studio Solution File, Format Version 12.00
# Visual Studio Version 16
VisualStudioVersion = 16.0.31129.286
MinimumVisualStudioVersion = 10.0.40219.1
Project("{FAE04EC0-301F-11D3-BF4B-00C04F79EFBC}") = "Clinica Médica", "Clinica Médica\Clinica Médica.csproj", "{181AC90A-B27A-4715-A6F8-ABED69BFB540}"
EndProject
Global
	GlobalSection(SolutionConfigurationPlatforms) = preSolution
		Debug|Any CPU = Debug|Any CPU
		Release|Any CPU = Release|Any CPU
	EndGlobalSection
	GlobalSection(ProjectConfigurationPlatforms) = postSolution
		{181AC90A-B27A-4715-A6F8-ABED69BFB540}.Debug|Any CPU.ActiveCfg = Debug|Any CPU
		{181AC90A-B27A-4715-A6F8-ABED69BFB540}.Debug|Any CPU.Build.0 = Debug|Any CPU
		{181AC90A-B27A-4715-A6F8-ABED69BFB540}.Release|Any CPU.ActiveCfg = Release|Any CPU
		{181AC90A-B27A-4715-A6F8-ABED69BFB540}.Release|Any CPU.Build.0 = Release|Any CPU
	EndGlobalSection
	GlobalSection(SolutionProperties) = preSolution
		HideSolutionNode = FALSE
	EndGlobalSection
	GlobalSection(ExtensibilityGlobals) = postSolution
		SolutionGuid = {828655CF-7291-4D9E-972F-E31425E40B93}
	EndGlobalSection
EndGlobal
